
Microsoft Visual Studio Solution File, Format Version 12.00
# Visual Studio Version 17
VisualStudioVersion = 17.0.31903.59
MinimumVisualStudioVersion = 10.0.40219.1
Project("{FAE04EC0-301F-11D3-BF4B-00C04F79EFBC}") = "ServiceNowComparerConsole", "ServiceNowComparerConsole\ServiceNowComparerConsole.csproj", "{ECB2C9AF-6735-46FA-88AE-0FC844A75C2B}"
EndProject
Project("{FAE04EC0-301F-11D3-BF4B-00C04F79EFBC}") = "ServiceNowComparerLibrary", "ServiceNowComparerLibrary\ServiceNowComparerLibrary.csproj", "{F391F472-9E3B-48CD-A2E8-ACB5D377F8A9}"
EndProject
Project("{FAE04EC0-301F-11D3-BF4B-00C04F79EFBC}") = "ServiceNowComparerLibrary.Tests", "ServiceNowComparerLibrary.Tests\ServiceNowComparerLibrary.Tests.csproj", "{C9601674-9337-420C-A074-87A41B285C81}"
EndProject
Global
	GlobalSection(SolutionConfigurationPlatforms) = preSolution
		Debug|Any CPU = Debug|Any CPU
		Release|Any CPU = Release|Any CPU
	EndGlobalSection
	GlobalSection(SolutionProperties) = preSolution
		HideSolutionNode = FALSE
	EndGlobalSection
	GlobalSection(ProjectConfigurationPlatforms) = postSolution
		{ECB2C9AF-6735-46FA-88AE-0FC844A75C2B}.Debug|Any CPU.ActiveCfg = Debug|Any CPU
		{ECB2C9AF-6735-46FA-88AE-0FC844A75C2B}.Debug|Any CPU.Build.0 = Debug|Any CPU
		{ECB2C9AF-6735-46FA-88AE-0FC844A75C2B}.Release|Any CPU.ActiveCfg = Release|Any CPU
		{ECB2C9AF-6735-46FA-88AE-0FC844A75C2B}.Release|Any CPU.Build.0 = Release|Any CPU
		{F391F472-9E3B-48CD-A2E8-ACB5D377F8A9}.Debug|Any CPU.ActiveCfg = Debug|Any CPU
		{F391F472-9E3B-48CD-A2E8-ACB5D377F8A9}.Debug|Any CPU.Build.0 = Debug|Any CPU
		{F391F472-9E3B-48CD-A2E8-ACB5D377F8A9}.Release|Any CPU.ActiveCfg = Release|Any CPU
		{F391F472-9E3B-48CD-A2E8-ACB5D377F8A9}.Release|Any CPU.Build.0 = Release|Any CPU
		{C9601674-9337-420C-A074-87A41B285C81}.Debug|Any CPU.ActiveCfg = Debug|Any CPU
		{C9601674-9337-420C-A074-87A41B285C81}.Debug|Any CPU.Build.0 = Debug|Any CPU
		{C9601674-9337-420C-A074-87A41B285C81}.Release|Any CPU.ActiveCfg = Release|Any CPU
		{C9601674-9337-420C-A074-87A41B285C81}.Release|Any CPU.Build.0 = Release|Any CPU
	EndGlobalSection
EndGlobal
